// !$*UTF8*$!
{
	archiveVersion = 1;
	classes = {
	};
	objectVersion = 56;
	objects = {

/* Begin PBXBuildFile section */
		4408EB0F2BC06AFA002A1EAE /* CartTableViewCell.swift in Sources */ = {isa = PBXBuildFile; fileRef = 4408EB0E2BC06AFA002A1EAE /* CartTableViewCell.swift */; };
		4408EB112BC07536002A1EAE /* PayViewController.swift in Sources */ = {isa = PBXBuildFile; fileRef = 4408EB102BC07536002A1EAE /* PayViewController.swift */; };
		4408EB132BC08003002A1EAE /* LogoViewController.swift in Sources */ = {isa = PBXBuildFile; fileRef = 4408EB122BC08002002A1EAE /* LogoViewController.swift */; };
		4408EB162BC0842A002A1EAE /* Tovars.swift in Sources */ = {isa = PBXBuildFile; fileRef = 4408EB152BC0842A002A1EAE /* Tovars.swift */; };
		7536A76A2BBC4EB9005861D1 /* AppDelegate.swift in Sources */ = {isa = PBXBuildFile; fileRef = 7536A7692BBC4EB9005861D1 /* AppDelegate.swift */; };
		7536A76C2BBC4EB9005861D1 /* SceneDelegate.swift in Sources */ = {isa = PBXBuildFile; fileRef = 7536A76B2BBC4EB9005861D1 /* SceneDelegate.swift */; };
		7536A76E2BBC4EB9005861D1 /* MainViewController.swift in Sources */ = {isa = PBXBuildFile; fileRef = 7536A76D2BBC4EB9005861D1 /* MainViewController.swift */; };
		7536A7712BBC4EB9005861D1 /* Main.storyboard in Resources */ = {isa = PBXBuildFile; fileRef = 7536A76F2BBC4EB9005861D1 /* Main.storyboard */; };
		7536A7742BBC4EB9005861D1 /* Exostyle.xcdatamodeld in Sources */ = {isa = PBXBuildFile; fileRef = 7536A7722BBC4EB9005861D1 /* Exostyle.xcdatamodeld */; };
		7536A7762BBC4EC5005861D1 /* Assets.xcassets in Resources */ = {isa = PBXBuildFile; fileRef = 7536A7752BBC4EC5005861D1 /* Assets.xcassets */; };
		7536A7792BBC4EC5005861D1 /* LaunchScreen.storyboard in Resources */ = {isa = PBXBuildFile; fileRef = 7536A7772BBC4EC5005861D1 /* LaunchScreen.storyboard */; };
		7536A7842BBC4EC6005861D1 /* ExostyleTests.swift in Sources */ = {isa = PBXBuildFile; fileRef = 7536A7832BBC4EC6005861D1 /* ExostyleTests.swift */; };
		7536A78E2BBC4EC6005861D1 /* ExostyleUITests.swift in Sources */ = {isa = PBXBuildFile; fileRef = 7536A78D2BBC4EC6005861D1 /* ExostyleUITests.swift */; };
		7536A7902BBC4EC6005861D1 /* ExostyleUITestsLaunchTests.swift in Sources */ = {isa = PBXBuildFile; fileRef = 7536A78F2BBC4EC6005861D1 /* ExostyleUITestsLaunchTests.swift */; };
		7536A7A02BC00313005861D1 /* Gradient.swift in Sources */ = {isa = PBXBuildFile; fileRef = 7536A79F2BC00313005861D1 /* Gradient.swift */; };
		7536A7A32BC005DF005861D1 /* mr_NorwesterG.otf in Resources */ = {isa = PBXBuildFile; fileRef = 7536A7A22BC005DF005861D1 /* mr_NorwesterG.otf */; };
		7536A7A52BC00B9C005861D1 /* CartViewController.swift in Sources */ = {isa = PBXBuildFile; fileRef = 7536A7A42BC00B9C005861D1 /* CartViewController.swift */; };
		7536A7A82BC00E18005861D1 /* RecomendCollectionViewCell.swift in Sources */ = {isa = PBXBuildFile; fileRef = 7536A7A72BC00E18005861D1 /* RecomendCollectionViewCell.swift */; };
		7536A7AA2BC0114C005861D1 /* TovarTableViewCell.swift in Sources */ = {isa = PBXBuildFile; fileRef = 7536A7A92BC0114C005861D1 /* TovarTableViewCell.swift */; };
		7536A7AC2BC016C7005861D1 /* SizeCollectionViewCell.swift in Sources */ = {isa = PBXBuildFile; fileRef = 7536A7AB2BC016C7005861D1 /* SizeCollectionViewCell.swift */; };
		7536A7AE2BC01720005861D1 /* ImageCollectionViewCell.swift in Sources */ = {isa = PBXBuildFile; fileRef = 7536A7AD2BC01720005861D1 /* ImageCollectionViewCell.swift */; };
		7536A7B02BC01AF8005861D1 /* TovarViewController.swift in Sources */ = {isa = PBXBuildFile; fileRef = 7536A7AF2BC01AF8005861D1 /* TovarViewController.swift */; };
/* End PBXBuildFile section */

/* Begin PBXContainerItemProxy section */
		7536A7802BBC4EC6005861D1 /* PBXContainerItemProxy */ = {
			isa = PBXContainerItemProxy;
			containerPortal = 7536A75E2BBC4EB9005861D1 /* Project object */;
			proxyType = 1;
			remoteGlobalIDString = 7536A7652BBC4EB9005861D1;
			remoteInfo = Exostyle;
		};
		7536A78A2BBC4EC6005861D1 /* PBXContainerItemProxy */ = {
			isa = PBXContainerItemProxy;
			containerPortal = 7536A75E2BBC4EB9005861D1 /* Project object */;
			proxyType = 1;
			remoteGlobalIDString = 7536A7652BBC4EB9005861D1;
			remoteInfo = Exostyle;
		};
/* End PBXContainerItemProxy section */

/* Begin PBXFileReference section */
		4408EB0E2BC06AFA002A1EAE /* CartTableViewCell.swift */ = {isa = PBXFileReference; lastKnownFileType = sourcecode.swift; path = CartTableViewCell.swift; sourceTree = "<group>"; };
		4408EB102BC07536002A1EAE /* PayViewController.swift */ = {isa = PBXFileReference; lastKnownFileType = sourcecode.swift; path = PayViewController.swift; sourceTree = "<group>"; };
		4408EB122BC08002002A1EAE /* LogoViewController.swift */ = {isa = PBXFileReference; lastKnownFileType = sourcecode.swift; path = LogoViewController.swift; sourceTree = "<group>"; };
		4408EB152BC0842A002A1EAE /* Tovars.swift */ = {isa = PBXFileReference; lastKnownFileType = sourcecode.swift; path = Tovars.swift; sourceTree = "<group>"; };
		7536A7662BBC4EB9005861D1 /* Exostyle.app */ = {isa = PBXFileReference; explicitFileType = wrapper.application; includeInIndex = 0; path = Exostyle.app; sourceTree = BUILT_PRODUCTS_DIR; };
		7536A7692BBC4EB9005861D1 /* AppDelegate.swift */ = {isa = PBXFileReference; lastKnownFileType = sourcecode.swift; path = AppDelegate.swift; sourceTree = "<group>"; };
		7536A76B2BBC4EB9005861D1 /* SceneDelegate.swift */ = {isa = PBXFileReference; lastKnownFileType = sourcecode.swift; path = SceneDelegate.swift; sourceTree = "<group>"; };
		7536A76D2BBC4EB9005861D1 /* MainViewController.swift */ = {isa = PBXFileReference; lastKnownFileType = sourcecode.swift; path = MainViewController.swift; sourceTree = "<group>"; };
		7536A7702BBC4EB9005861D1 /* Base */ = {isa = PBXFileReference; lastKnownFileType = file.storyboard; name = Base; path = Base.lproj/Main.storyboard; sourceTree = "<group>"; };
		7536A7732BBC4EB9005861D1 /* Exostyle.xcdatamodel */ = {isa = PBXFileReference; lastKnownFileType = wrapper.xcdatamodel; path = Exostyle.xcdatamodel; sourceTree = "<group>"; };
		7536A7752BBC4EC5005861D1 /* Assets.xcassets */ = {isa = PBXFileReference; lastKnownFileType = folder.assetcatalog; path = Assets.xcassets; sourceTree = "<group>"; };
		7536A7782BBC4EC5005861D1 /* Base */ = {isa = PBXFileReference; lastKnownFileType = file.storyboard; name = Base; path = Base.lproj/LaunchScreen.storyboard; sourceTree = "<group>"; };
		7536A77A2BBC4EC6005861D1 /* Info.plist */ = {isa = PBXFileReference; lastKnownFileType = text.plist.xml; path = Info.plist; sourceTree = "<group>"; };
		7536A77F2BBC4EC6005861D1 /* ExostyleTests.xctest */ = {isa = PBXFileReference; explicitFileType = wrapper.cfbundle; includeInIndex = 0; path = ExostyleTests.xctest; sourceTree = BUILT_PRODUCTS_DIR; };
		7536A7832BBC4EC6005861D1 /* ExostyleTests.swift */ = {isa = PBXFileReference; lastKnownFileType = sourcecode.swift; path = ExostyleTests.swift; sourceTree = "<group>"; };
		7536A7892BBC4EC6005861D1 /* ExostyleUITests.xctest */ = {isa = PBXFileReference; explicitFileType = wrapper.cfbundle; includeInIndex = 0; path = ExostyleUITests.xctest; sourceTree = BUILT_PRODUCTS_DIR; };
		7536A78D2BBC4EC6005861D1 /* ExostyleUITests.swift */ = {isa = PBXFileReference; lastKnownFileType = sourcecode.swift; path = ExostyleUITests.swift; sourceTree = "<group>"; };
		7536A78F2BBC4EC6005861D1 /* ExostyleUITestsLaunchTests.swift */ = {isa = PBXFileReference; lastKnownFileType = sourcecode.swift; path = ExostyleUITestsLaunchTests.swift; sourceTree = "<group>"; };
		7536A79F2BC00313005861D1 /* Gradient.swift */ = {isa = PBXFileReference; lastKnownFileType = sourcecode.swift; path = Gradient.swift; sourceTree = "<group>"; };
		7536A7A22BC005DF005861D1 /* mr_NorwesterG.otf */ = {isa = PBXFileReference; lastKnownFileType = file; path = mr_NorwesterG.otf; sourceTree = "<group>"; };
		7536A7A42BC00B9C005861D1 /* CartViewController.swift */ = {isa = PBXFileReference; lastKnownFileType = sourcecode.swift; path = CartViewController.swift; sourceTree = "<group>"; };
		7536A7A72BC00E18005861D1 /* RecomendCollectionViewCell.swift */ = {isa = PBXFileReference; lastKnownFileType = sourcecode.swift; path = RecomendCollectionViewCell.swift; sourceTree = "<group>"; };
		7536A7A92BC0114C005861D1 /* TovarTableViewCell.swift */ = {isa = PBXFileReference; lastKnownFileType = sourcecode.swift; path = TovarTableViewCell.swift; sourceTree = "<group>"; };
		7536A7AB2BC016C7005861D1 /* SizeCollectionViewCell.swift */ = {isa = PBXFileReference; lastKnownFileType = sourcecode.swift; path = SizeCollectionViewCell.swift; sourceTree = "<group>"; };
		7536A7AD2BC01720005861D1 /* ImageCollectionViewCell.swift */ = {isa = PBXFileReference; lastKnownFileType = sourcecode.swift; path = ImageCollectionViewCell.swift; sourceTree = "<group>"; };
		7536A7AF2BC01AF8005861D1 /* TovarViewController.swift */ = {isa = PBXFileReference; lastKnownFileType = sourcecode.swift; path = TovarViewController.swift; sourceTree = "<group>"; };
/* End PBXFileReference section */

/* Begin PBXFrameworksBuildPhase section */
		7536A7632BBC4EB9005861D1 /* Frameworks */ = {
			isa = PBXFrameworksBuildPhase;
			buildActionMask = 2147483647;
			files = (
			);
			runOnlyForDeploymentPostprocessing = 0;
		};
		7536A77C2BBC4EC6005861D1 /* Frameworks */ = {
			isa = PBXFrameworksBuildPhase;
			buildActionMask = 2147483647;
			files = (
			);
			runOnlyForDeploymentPostprocessing = 0;
		};
		7536A7862BBC4EC6005861D1 /* Frameworks */ = {
			isa = PBXFrameworksBuildPhase;
			buildActionMask = 2147483647;
			files = (
			);
			runOnlyForDeploymentPostprocessing = 0;
		};
/* End PBXFrameworksBuildPhase section */

/* Begin PBXGroup section */
		7536A75D2BBC4EB9005861D1 = {
			isa = PBXGroup;
			children = (
				7536A7682BBC4EB9005861D1 /* Exostyle */,
				7536A7822BBC4EC6005861D1 /* ExostyleTests */,
				7536A78C2BBC4EC6005861D1 /* ExostyleUITests */,
				7536A7672BBC4EB9005861D1 /* Products */,
			);
			sourceTree = "<group>";
		};
		7536A7672BBC4EB9005861D1 /* Products */ = {
			isa = PBXGroup;
			children = (
				7536A7662BBC4EB9005861D1 /* Exostyle.app */,
				7536A77F2BBC4EC6005861D1 /* ExostyleTests.xctest */,
				7536A7892BBC4EC6005861D1 /* ExostyleUITests.xctest */,
			);
			name = Products;
			sourceTree = "<group>";
		};
		7536A7682BBC4EB9005861D1 /* Exostyle */ = {
			isa = PBXGroup;
			children = (
				7536A79C2BC002D8005861D1 /* Module */,
				7536A79D2BC002E2005861D1 /* Views */,
				7536A79E2BC002EE005861D1 /* Controllers */,
				7536A76F2BBC4EB9005861D1 /* Main.storyboard */,
				7536A7772BBC4EC5005861D1 /* LaunchScreen.storyboard */,
				7536A76B2BBC4EB9005861D1 /* SceneDelegate.swift */,
				7536A7692BBC4EB9005861D1 /* AppDelegate.swift */,
				7536A7752BBC4EC5005861D1 /* Assets.xcassets */,
				7536A7722BBC4EB9005861D1 /* Exostyle.xcdatamodeld */,
				7536A77A2BBC4EC6005861D1 /* Info.plist */,
				7536A7A62BC00DF6005861D1 /* CollectionViewCell */,
				7536A7A12BC005BD005861D1 /* Fonts */,
			);
			path = Exostyle;
			sourceTree = "<group>";
		};
		7536A7822BBC4EC6005861D1 /* ExostyleTests */ = {
			isa = PBXGroup;
			children = (
				7536A7832BBC4EC6005861D1 /* ExostyleTests.swift */,
			);
			path = ExostyleTests;
			sourceTree = "<group>";
		};
		7536A78C2BBC4EC6005861D1 /* ExostyleUITests */ = {
			isa = PBXGroup;
			children = (
				7536A78D2BBC4EC6005861D1 /* ExostyleUITests.swift */,
				7536A78F2BBC4EC6005861D1 /* ExostyleUITestsLaunchTests.swift */,
			);
			path = ExostyleUITests;
			sourceTree = "<group>";
		};
		7536A79C2BC002D8005861D1 /* Module */ = {
			isa = PBXGroup;
			children = (
				4408EB152BC0842A002A1EAE /* Tovars.swift */,
			);
			path = Module;
			sourceTree = "<group>";
		};
		7536A79D2BC002E2005861D1 /* Views */ = {
			isa = PBXGroup;
			children = (
				7536A79F2BC00313005861D1 /* Gradient.swift */,
			);
			path = Views;
			sourceTree = "<group>";
		};
		7536A79E2BC002EE005861D1 /* Controllers */ = {
			isa = PBXGroup;
			children = (
				7536A76D2BBC4EB9005861D1 /* MainViewController.swift */,
				7536A7A42BC00B9C005861D1 /* CartViewController.swift */,
				7536A7AF2BC01AF8005861D1 /* TovarViewController.swift */,
				4408EB102BC07536002A1EAE /* PayViewController.swift */,
				4408EB122BC08002002A1EAE /* LogoViewController.swift */,
			);
			path = Controllers;
			sourceTree = "<group>";
		};
		7536A7A12BC005BD005861D1 /* Fonts */ = {
			isa = PBXGroup;
			children = (
				7536A7A22BC005DF005861D1 /* mr_NorwesterG.otf */,
			);
			path = Fonts;
			sourceTree = "<group>";
		};
		7536A7A62BC00DF6005861D1 /* CollectionViewCell */ = {
			isa = PBXGroup;
			children = (
				7536A7A72BC00E18005861D1 /* RecomendCollectionViewCell.swift */,
				7536A7A92BC0114C005861D1 /* TovarTableViewCell.swift */,
				7536A7AB2BC016C7005861D1 /* SizeCollectionViewCell.swift */,
				7536A7AD2BC01720005861D1 /* ImageCollectionViewCell.swift */,
				4408EB0E2BC06AFA002A1EAE /* CartTableViewCell.swift */,
			);
			path = CollectionViewCell;
			sourceTree = "<group>";
		};
/* End PBXGroup section */

/* Begin PBXNativeTarget section */
		7536A7652BBC4EB9005861D1 /* Exostyle */ = {
			isa = PBXNativeTarget;
			buildConfigurationList = 7536A7932BBC4EC6005861D1 /* Build configuration list for PBXNativeTarget "Exostyle" */;
			buildPhases = (
				7536A7622BBC4EB9005861D1 /* Sources */,
				7536A7632BBC4EB9005861D1 /* Frameworks */,
				7536A7642BBC4EB9005861D1 /* Resources */,
			);
			buildRules = (
			);
			dependencies = (
			);
			name = Exostyle;
			productName = Exostyle;
			productReference = 7536A7662BBC4EB9005861D1 /* Exostyle.app */;
			productType = "com.apple.product-type.application";
		};
		7536A77E2BBC4EC6005861D1 /* ExostyleTests */ = {
			isa = PBXNativeTarget;
			buildConfigurationList = 7536A7962BBC4EC6005861D1 /* Build configuration list for PBXNativeTarget "ExostyleTests" */;
			buildPhases = (
				7536A77B2BBC4EC6005861D1 /* Sources */,
				7536A77C2BBC4EC6005861D1 /* Frameworks */,
				7536A77D2BBC4EC6005861D1 /* Resources */,
			);
			buildRules = (
			);
			dependencies = (
				7536A7812BBC4EC6005861D1 /* PBXTargetDependency */,
			);
			name = ExostyleTests;
			productName = ExostyleTests;
			productReference = 7536A77F2BBC4EC6005861D1 /* ExostyleTests.xctest */;
			productType = "com.apple.product-type.bundle.unit-test";
		};
		7536A7882BBC4EC6005861D1 /* ExostyleUITests */ = {
			isa = PBXNativeTarget;
			buildConfigurationList = 7536A7992BBC4EC6005861D1 /* Build configuration list for PBXNativeTarget "ExostyleUITests" */;
			buildPhases = (
				7536A7852BBC4EC6005861D1 /* Sources */,
				7536A7862BBC4EC6005861D1 /* Frameworks */,
				7536A7872BBC4EC6005861D1 /* Resources */,
			);
			buildRules = (
			);
			dependencies = (
				7536A78B2BBC4EC6005861D1 /* PBXTargetDependency */,
			);
			name = ExostyleUITests;
			productName = ExostyleUITests;
			productReference = 7536A7892BBC4EC6005861D1 /* ExostyleUITests.xctest */;
			productType = "com.apple.product-type.bundle.ui-testing";
		};
/* End PBXNativeTarget section */

/* Begin PBXProject section */
		7536A75E2BBC4EB9005861D1 /* Project object */ = {
			isa = PBXProject;
			attributes = {
				BuildIndependentTargetsInParallel = 1;
				LastSwiftUpdateCheck = 1410;
				LastUpgradeCheck = 1410;
				TargetAttributes = {
					7536A7652BBC4EB9005861D1 = {
						CreatedOnToolsVersion = 14.1;
					};
					7536A77E2BBC4EC6005861D1 = {
						CreatedOnToolsVersion = 14.1;
						TestTargetID = 7536A7652BBC4EB9005861D1;
					};
					7536A7882BBC4EC6005861D1 = {
						CreatedOnToolsVersion = 14.1;
						TestTargetID = 7536A7652BBC4EB9005861D1;
					};
				};
			};
			buildConfigurationList = 7536A7612BBC4EB9005861D1 /* Build configuration list for PBXProject "Exostyle" */;
			compatibilityVersion = "Xcode 14.0";
			developmentRegion = en;
			hasScannedForEncodings = 0;
			knownRegions = (
				en,
				Base,
			);
			mainGroup = 7536A75D2BBC4EB9005861D1;
			packageReferences = (
				4408EB142BC082FB002A1EAE /* XCRemoteSwiftPackageReference "realm-swift" */,
			);
			productRefGroup = 7536A7672BBC4EB9005861D1 /* Products */;
			projectDirPath = "";
			projectRoot = "";
			targets = (
				7536A7652BBC4EB9005861D1 /* Exostyle */,
				7536A77E2BBC4EC6005861D1 /* ExostyleTests */,
				7536A7882BBC4EC6005861D1 /* ExostyleUITests */,
			);
		};
/* End PBXProject section */

/* Begin PBXResourcesBuildPhase section */
		7536A7642BBC4EB9005861D1 /* Resources */ = {
			isa = PBXResourcesBuildPhase;
			buildActionMask = 2147483647;
			files = (
				7536A7792BBC4EC5005861D1 /* LaunchScreen.storyboard in Resources */,
				7536A7762BBC4EC5005861D1 /* Assets.xcassets in Resources */,
				7536A7A32BC005DF005861D1 /* mr_NorwesterG.otf in Resources */,
				7536A7712BBC4EB9005861D1 /* Main.storyboard in Resources */,
			);
			runOnlyForDeploymentPostprocessing = 0;
		};
		7536A77D2BBC4EC6005861D1 /* Resources */ = {
			isa = PBXResourcesBuildPhase;
			buildActionMask = 2147483647;
			files = (
			);
			runOnlyForDeploymentPostprocessing = 0;
		};
		7536A7872BBC4EC6005861D1 /* Resources */ = {
			isa = PBXResourcesBuildPhase;
			buildActionMask = 2147483647;
			files = (
			);
			runOnlyForDeploymentPostprocessing = 0;
		};
/* End PBXResourcesBuildPhase section */

/* Begin PBXSourcesBuildPhase section */
		7536A7622BBC4EB9005861D1 /* Sources */ = {
			isa = PBXSourcesBuildPhase;
			buildActionMask = 2147483647;
			files = (
				7536A7A02BC00313005861D1 /* Gradient.swift in Sources */,
				4408EB112BC07536002A1EAE /* PayViewController.swift in Sources */,
				7536A76E2BBC4EB9005861D1 /* MainViewController.swift in Sources */,
				4408EB132BC08003002A1EAE /* LogoViewController.swift in Sources */,
				7536A7AA2BC0114C005861D1 /* TovarTableViewCell.swift in Sources */,
				4408EB0F2BC06AFA002A1EAE /* CartTableViewCell.swift in Sources */,
				7536A7B02BC01AF8005861D1 /* TovarViewController.swift in Sources */,
				7536A76A2BBC4EB9005861D1 /* AppDelegate.swift in Sources */,
				7536A7A82BC00E18005861D1 /* RecomendCollectionViewCell.swift in Sources */,
				7536A7742BBC4EB9005861D1 /* Exostyle.xcdatamodeld in Sources */,
				4408EB162BC0842A002A1EAE /* Tovars.swift in Sources */,
				7536A7AE2BC01720005861D1 /* ImageCollectionViewCell.swift in Sources */,
				7536A7AC2BC016C7005861D1 /* SizeCollectionViewCell.swift in Sources */,
				7536A7A52BC00B9C005861D1 /* CartViewController.swift in Sources */,
				7536A76C2BBC4EB9005861D1 /* SceneDelegate.swift in Sources */,
			);
			runOnlyForDeploymentPostprocessing = 0;
		};
		7536A77B2BBC4EC6005861D1 /* Sources */ = {
			isa = PBXSourcesBuildPhase;
			buildActionMask = 2147483647;
			files = (
				7536A7842BBC4EC6005861D1 /* ExostyleTests.swift in Sources */,
			);
			runOnlyForDeploymentPostprocessing = 0;
		};
		7536A7852BBC4EC6005861D1 /* Sources */ = {
			isa = PBXSourcesBuildPhase;
			buildActionMask = 2147483647;
			files = (
				7536A7902BBC4EC6005861D1 /* ExostyleUITestsLaunchTests.swift in Sources */,
				7536A78E2BBC4EC6005861D1 /* ExostyleUITests.swift in Sources */,
			);
			runOnlyForDeploymentPostprocessing = 0;
		};
/* End PBXSourcesBuildPhase section */

/* Begin PBXTargetDependency section */
		7536A7812BBC4EC6005861D1 /* PBXTargetDependency */ = {
			isa = PBXTargetDependency;
			target = 7536A7652BBC4EB9005861D1 /* Exostyle */;
			targetProxy = 7536A7802BBC4EC6005861D1 /* PBXContainerItemProxy */;
		};
		7536A78B2BBC4EC6005861D1 /* PBXTargetDependency */ = {
			isa = PBXTargetDependency;
			target = 7536A7652BBC4EB9005861D1 /* Exostyle */;
			targetProxy = 7536A78A2BBC4EC6005861D1 /* PBXContainerItemProxy */;
		};
/* End PBXTargetDependency section */

/* Begin PBXVariantGroup section */
		7536A76F2BBC4EB9005861D1 /* Main.storyboard */ = {
			isa = PBXVariantGroup;
			children = (
				7536A7702BBC4EB9005861D1 /* Base */,
			);
			name = Main.storyboard;
			sourceTree = "<group>";
		};
		7536A7772BBC4EC5005861D1 /* LaunchScreen.storyboard */ = {
			isa = PBXVariantGroup;
			children = (
				7536A7782BBC4EC5005861D1 /* Base */,
			);
			name = LaunchScreen.storyboard;
			sourceTree = "<group>";
		};
/* End PBXVariantGroup section */

/* Begin XCBuildConfiguration section */
		7536A7912BBC4EC6005861D1 /* Debug */ = {
			isa = XCBuildConfiguration;
			buildSettings = {
				ALWAYS_SEARCH_USER_PATHS = NO;
				CLANG_ANALYZER_NONNULL = YES;
				CLANG_ANALYZER_NUMBER_OBJECT_CONVERSION = YES_AGGRESSIVE;
				CLANG_CXX_LANGUAGE_STANDARD = "gnu++20";
				CLANG_ENABLE_MODULES = YES;
				CLANG_ENABLE_OBJC_ARC = YES;
				CLANG_ENABLE_OBJC_WEAK = YES;
				CLANG_WARN_BLOCK_CAPTURE_AUTORELEASING = YES;
				CLANG_WARN_BOOL_CONVERSION = YES;
				CLANG_WARN_COMMA = YES;
				CLANG_WARN_CONSTANT_CONVERSION = YES;
				CLANG_WARN_DEPRECATED_OBJC_IMPLEMENTATIONS = YES;
				CLANG_WARN_DIRECT_OBJC_ISA_USAGE = YES_ERROR;
				CLANG_WARN_DOCUMENTATION_COMMENTS = YES;
				CLANG_WARN_EMPTY_BODY = YES;
				CLANG_WARN_ENUM_CONVERSION = YES;
				CLANG_WARN_INFINITE_RECURSION = YES;
				CLANG_WARN_INT_CONVERSION = YES;
				CLANG_WARN_NON_LITERAL_NULL_CONVERSION = YES;
				CLANG_WARN_OBJC_IMPLICIT_RETAIN_SELF = YES;
				CLANG_WARN_OBJC_LITERAL_CONVERSION = YES;
				CLANG_WARN_OBJC_ROOT_CLASS = YES_ERROR;
				CLANG_WARN_QUOTED_INCLUDE_IN_FRAMEWORK_HEADER = YES;
				CLANG_WARN_RANGE_LOOP_ANALYSIS = YES;
				CLANG_WARN_STRICT_PROTOTYPES = YES;
				CLANG_WARN_SUSPICIOUS_MOVE = YES;
				CLANG_WARN_UNGUARDED_AVAILABILITY = YES_AGGRESSIVE;
				CLANG_WARN_UNREACHABLE_CODE = YES;
				CLANG_WARN__DUPLICATE_METHOD_MATCH = YES;
				COPY_PHASE_STRIP = NO;
				DEBUG_INFORMATION_FORMAT = dwarf;
				ENABLE_STRICT_OBJC_MSGSEND = YES;
				ENABLE_TESTABILITY = YES;
				GCC_C_LANGUAGE_STANDARD = gnu11;
				GCC_DYNAMIC_NO_PIC = NO;
				GCC_NO_COMMON_BLOCKS = YES;
				GCC_OPTIMIZATION_LEVEL = 0;
				GCC_PREPROCESSOR_DEFINITIONS = (
					"DEBUG=1",
					"$(inherited)",
				);
				GCC_WARN_64_TO_32_BIT_CONVERSION = YES;
				GCC_WARN_ABOUT_RETURN_TYPE = YES_ERROR;
				GCC_WARN_UNDECLARED_SELECTOR = YES;
				GCC_WARN_UNINITIALIZED_AUTOS = YES_AGGRESSIVE;
				GCC_WARN_UNUSED_FUNCTION = YES;
				GCC_WARN_UNUSED_VARIABLE = YES;
				IPHONEOS_DEPLOYMENT_TARGET = 13.0;
				MTL_ENABLE_DEBUG_INFO = INCLUDE_SOURCE;
				MTL_FAST_MATH = YES;
				ONLY_ACTIVE_ARCH = YES;
				SDKROOT = iphoneos;
				SWIFT_ACTIVE_COMPILATION_CONDITIONS = DEBUG;
				SWIFT_OPTIMIZATION_LEVEL = "-Onone";
			};
			name = Debug;
		};
		7536A7922BBC4EC6005861D1 /* Release */ = {
			isa = XCBuildConfiguration;
			buildSettings = {
				ALWAYS_SEARCH_USER_PATHS = NO;
				CLANG_ANALYZER_NONNULL = YES;
				CLANG_ANALYZER_NUMBER_OBJECT_CONVERSION = YES_AGGRESSIVE;
				CLANG_CXX_LANGUAGE_STANDARD = "gnu++20";
				CLANG_ENABLE_MODULES = YES;
				CLANG_ENABLE_OBJC_ARC = YES;
				CLANG_ENABLE_OBJC_WEAK = YES;
				CLANG_WARN_BLOCK_CAPTURE_AUTORELEASING = YES;
				CLANG_WARN_BOOL_CONVERSION = YES;
				CLANG_WARN_COMMA = YES;
				CLANG_WARN_CONSTANT_CONVERSION = YES;
				CLANG_WARN_DEPRECATED_OBJC_IMPLEMENTATIONS = YES;
				CLANG_WARN_DIRECT_OBJC_ISA_USAGE = YES_ERROR;
				CLANG_WARN_DOCUMENTATION_COMMENTS = YES;
				CLANG_WARN_EMPTY_BODY = YES;
				CLANG_WARN_ENUM_CONVERSION = YES;
				CLANG_WARN_INFINITE_RECURSION = YES;
				CLANG_WARN_INT_CONVERSION = YES;
				CLANG_WARN_NON_LITERAL_NULL_CONVERSION = YES;
				CLANG_WARN_OBJC_IMPLICIT_RETAIN_SELF = YES;
				CLANG_WARN_OBJC_LITERAL_CONVERSION = YES;
				CLANG_WARN_OBJC_ROOT_CLASS = YES_ERROR;
				CLANG_WARN_QUOTED_INCLUDE_IN_FRAMEWORK_HEADER = YES;
				CLANG_WARN_RANGE_LOOP_ANALYSIS = YES;
				CLANG_WARN_STRICT_PROTOTYPES = YES;
				CLANG_WARN_SUSPICIOUS_MOVE = YES;
				CLANG_WARN_UNGUARDED_AVAILABILITY = YES_AGGRESSIVE;
				CLANG_WARN_UNREACHABLE_CODE = YES;
				CLANG_WARN__DUPLICATE_METHOD_MATCH = YES;
				COPY_PHASE_STRIP = NO;
				DEBUG_INFORMATION_FORMAT = "dwarf-with-dsym";
				ENABLE_NS_ASSERTIONS = NO;
				ENABLE_STRICT_OBJC_MSGSEND = YES;
				GCC_C_LANGUAGE_STANDARD = gnu11;
				GCC_NO_COMMON_BLOCKS = YES;
				GCC_WARN_64_TO_32_BIT_CONVERSION = YES;
				GCC_WARN_ABOUT_RETURN_TYPE = YES_ERROR;
				GCC_WARN_UNDECLARED_SELECTOR = YES;
				GCC_WARN_UNINITIALIZED_AUTOS = YES_AGGRESSIVE;
				GCC_WARN_UNUSED_FUNCTION = YES;
				GCC_WARN_UNUSED_VARIABLE = YES;
				IPHONEOS_DEPLOYMENT_TARGET = 13.0;
				MTL_ENABLE_DEBUG_INFO = NO;
				MTL_FAST_MATH = YES;
				SDKROOT = iphoneos;
				SWIFT_COMPILATION_MODE = wholemodule;
				SWIFT_OPTIMIZATION_LEVEL = "-O";
				VALIDATE_PRODUCT = YES;
			};
			name = Release;
		};
		7536A7942BBC4EC6005861D1 /* Debug */ = {
			isa = XCBuildConfiguration;
			buildSettings = {
				ASSETCATALOG_COMPILER_APPICON_NAME = AppIcon;
				ASSETCATALOG_COMPILER_GLOBAL_ACCENT_COLOR_NAME = AccentColor;
				CODE_SIGN_STYLE = Automatic;
				CURRENT_PROJECT_VERSION = 1;
				GENERATE_INFOPLIST_FILE = YES;
				INFOPLIST_FILE = Exostyle/Info.plist;
				INFOPLIST_KEY_UIApplicationSupportsIndirectInputEvents = YES;
				INFOPLIST_KEY_UILaunchStoryboardName = LaunchScreen;
				INFOPLIST_KEY_UIMainStoryboardFile = Main;
				INFOPLIST_KEY_UISupportedInterfaceOrientations = UIInterfaceOrientationPortrait;
				LD_RUNPATH_SEARCH_PATHS = (
					"$(inherited)",
					"@executable_path/Frameworks",
				);
				MARKETING_VERSION = 1.0;
				PRODUCT_BUNDLE_IDENTIFIER = com.eldar.Exostyle;
				PRODUCT_NAME = "$(TARGET_NAME)";
				SWIFT_EMIT_LOC_STRINGS = YES;
				SWIFT_VERSION = 5.0;
				TARGETED_DEVICE_FAMILY = "1,2";
			};
			name = Debug;
		};
		7536A7952BBC4EC6005861D1 /* Release */ = {
			isa = XCBuildConfiguration;
			buildSettings = {
				ASSETCATALOG_COMPILER_APPICON_NAME = AppIcon;
				ASSETCATALOG_COMPILER_GLOBAL_ACCENT_COLOR_NAME = AccentColor;
				CODE_SIGN_STYLE = Automatic;
				CURRENT_PROJECT_VERSION = 1;
				GENERATE_INFOPLIST_FILE = YES;
				INFOPLIST_FILE = Exostyle/Info.plist;
				INFOPLIST_KEY_UIApplicationSupportsIndirectInputEvents = YES;
				INFOPLIST_KEY_UILaunchStoryboardName = LaunchScreen;
				INFOPLIST_KEY_UIMainStoryboardFile = Main;
				INFOPLIST_KEY_UISupportedInterfaceOrientations = UIInterfaceOrientationPortrait;
				LD_RUNPATH_SEARCH_PATHS = (
					"$(inherited)",
					"@executable_path/Frameworks",
				);
				MARKETING_VERSION = 1.0;
				PRODUCT_BUNDLE_IDENTIFIER = com.eldar.Exostyle;
				PRODUCT_NAME = "$(TARGET_NAME)";
				SWIFT_EMIT_LOC_STRINGS = YES;
				SWIFT_VERSION = 5.0;
				TARGETED_DEVICE_FAMILY = "1,2";
			};
			name = Release;
		};
		7536A7972BBC4EC6005861D1 /* Debug */ = {
			isa = XCBuildConfiguration;
			buildSettings = {
				ALWAYS_EMBED_SWIFT_STANDARD_LIBRARIES = YES;
				BUNDLE_LOADER = "$(TEST_HOST)";
				CODE_SIGN_STYLE = Automatic;
				CURRENT_PROJECT_VERSION = 1;
				GENERATE_INFOPLIST_FILE = YES;
				IPHONEOS_DEPLOYMENT_TARGET = 16.1;
				MARKETING_VERSION = 1.0;
				PRODUCT_BUNDLE_IDENTIFIER = com.eldar.ExostyleTests;
				PRODUCT_NAME = "$(TARGET_NAME)";
				SWIFT_EMIT_LOC_STRINGS = NO;
				SWIFT_VERSION = 5.0;
				TARGETED_DEVICE_FAMILY = "1,2";
				TEST_HOST = "$(BUILT_PRODUCTS_DIR)/Exostyle.app/$(BUNDLE_EXECUTABLE_FOLDER_PATH)/Exostyle";
			};
			name = Debug;
		};
		7536A7982BBC4EC6005861D1 /* Release */ = {
			isa = XCBuildConfiguration;
			buildSettings = {
				ALWAYS_EMBED_SWIFT_STANDARD_LIBRARIES = YES;
				BUNDLE_LOADER = "$(TEST_HOST)";
				CODE_SIGN_STYLE = Automatic;
				CURRENT_PROJECT_VERSION = 1;
				GENERATE_INFOPLIST_FILE = YES;
				IPHONEOS_DEPLOYMENT_TARGET = 16.1;
				MARKETING_VERSION = 1.0;
				PRODUCT_BUNDLE_IDENTIFIER = com.eldar.ExostyleTests;
				PRODUCT_NAME = "$(TARGET_NAME)";
				SWIFT_EMIT_LOC_STRINGS = NO;
				SWIFT_VERSION = 5.0;
				TARGETED_DEVICE_FAMILY = "1,2";
				TEST_HOST = "$(BUILT_PRODUCTS_DIR)/Exostyle.app/$(BUNDLE_EXECUTABLE_FOLDER_PATH)/Exostyle";
			};
			name = Release;
		};
		7536A79A2BBC4EC6005861D1 /* Debug */ = {
			isa = XCBuildConfiguration;
			buildSettings = {
				ALWAYS_EMBED_SWIFT_STANDARD_LIBRARIES = YES;
				CODE_SIGN_STYLE = Automatic;
				CURRENT_PROJECT_VERSION = 1;
				GENERATE_INFOPLIST_FILE = YES;
				MARKETING_VERSION = 1.0;
				PRODUCT_BUNDLE_IDENTIFIER = com.eldar.ExostyleUITests;
				PRODUCT_NAME = "$(TARGET_NAME)";
				SWIFT_EMIT_LOC_STRINGS = NO;
				SWIFT_VERSION = 5.0;
				TARGETED_DEVICE_FAMILY = "1,2";
				TEST_TARGET_NAME = Exostyle;
			};
			name = Debug;
		};
		7536A79B2BBC4EC6005861D1 /* Release */ = {
			isa = XCBuildConfiguration;
			buildSettings = {
				ALWAYS_EMBED_SWIFT_STANDARD_LIBRARIES = YES;
				CODE_SIGN_STYLE = Automatic;
				CURRENT_PROJECT_VERSION = 1;
				GENERATE_INFOPLIST_FILE = YES;
				MARKETING_VERSION = 1.0;
				PRODUCT_BUNDLE_IDENTIFIER = com.eldar.ExostyleUITests;
				PRODUCT_NAME = "$(TARGET_NAME)";
				SWIFT_EMIT_LOC_STRINGS = NO;
				SWIFT_VERSION = 5.0;
				TARGETED_DEVICE_FAMILY = "1,2";
				TEST_TARGET_NAME = Exostyle;
			};
			name = Release;
		};
/* End XCBuildConfiguration section */

/* Begin XCConfigurationList section */
		7536A7612BBC4EB9005861D1 /* Build configuration list for PBXProject "Exostyle" */ = {
			isa = XCConfigurationList;
			buildConfigurations = (
				7536A7912BBC4EC6005861D1 /* Debug */,
				7536A7922BBC4EC6005861D1 /* Release */,
			);
			defaultConfigurationIsVisible = 0;
			defaultConfigurationName = Release;
		};
		7536A7932BBC4EC6005861D1 /* Build configuration list for PBXNativeTarget "Exostyle" */ = {
			isa = XCConfigurationList;
			buildConfigurations = (
				7536A7942BBC4EC6005861D1 /* Debug */,
				7536A7952BBC4EC6005861D1 /* Release */,
			);
			defaultConfigurationIsVisible = 0;
			defaultConfigurationName = Release;
		};
		7536A7962BBC4EC6005861D1 /* Build configuration list for PBXNativeTarget "ExostyleTests" */ = {
			isa = XCConfigurationList;
			buildConfigurations = (
				7536A7972BBC4EC6005861D1 /* Debug */,
				7536A7982BBC4EC6005861D1 /* Release */,
			);
			defaultConfigurationIsVisible = 0;
			defaultConfigurationName = Release;
		};
		7536A7992BBC4EC6005861D1 /* Build configuration list for PBXNativeTarget "ExostyleUITests" */ = {
			isa = XCConfigurationList;
			buildConfigurations = (
				7536A79A2BBC4EC6005861D1 /* Debug */,
				7536A79B2BBC4EC6005861D1 /* Release */,
			);
			defaultConfigurationIsVisible = 0;
			defaultConfigurationName = Release;
		};
/* End XCConfigurationList section */

/* Begin XCRemoteSwiftPackageReference section */
		4408EB142BC082FB002A1EAE /* XCRemoteSwiftPackageReference "realm-swift" */ = {
			isa = XCRemoteSwiftPackageReference;
			repositoryURL = "https://github.com/realm/realm-swift.git";
			requirement = {
				branch = master;
				kind = branch;
			};
		};
/* End XCRemoteSwiftPackageReference section */

/* Begin XCVersionGroup section */
		7536A7722BBC4EB9005861D1 /* Exostyle.xcdatamodeld */ = {
			isa = XCVersionGroup;
			children = (
				7536A7732BBC4EB9005861D1 /* Exostyle.xcdatamodel */,
			);
			currentVersion = 7536A7732BBC4EB9005861D1 /* Exostyle.xcdatamodel */;
			path = Exostyle.xcdatamodeld;
			sourceTree = "<group>";
			versionGroupType = wrapper.xcdatamodel;
		};
/* End XCVersionGroup section */
	};
	rootObject = 7536A75E2BBC4EB9005861D1 /* Project object */;
}
